// !$*UTF8*$!
{
	archiveVersion = 1;
	classes = {
	};
	objectVersion = 46;
	objects = {

/* Begin PBXBuildFile section */
		6FAF774C1E5105F900CE6345 /* DesignElements.m in Sources */ = {isa = PBXBuildFile; fileRef = 6FAF774B1E5105F900CE6345 /* DesignElements.m */; };
		6FB92E4D1E4FD8540040A878 /* PageContentViewController.m in Sources */ = {isa = PBXBuildFile; fileRef = 6FB92E4C1E4FD8540040A878 /* PageContentViewController.m */; };
		6FC6616A1E4D0A5A00FD5044 /* main.m in Sources */ = {isa = PBXBuildFile; fileRef = 6FC661691E4D0A5A00FD5044 /* main.m */; };
		6FC6616D1E4D0A5A00FD5044 /* AppDelegate.m in Sources */ = {isa = PBXBuildFile; fileRef = 6FC6616C1E4D0A5A00FD5044 /* AppDelegate.m */; };
		6FC661701E4D0A5A00FD5044 /* ViewController.m in Sources */ = {isa = PBXBuildFile; fileRef = 6FC6616F1E4D0A5A00FD5044 /* ViewController.m */; };
		6FC661731E4D0A5A00FD5044 /* Main.storyboard in Resources */ = {isa = PBXBuildFile; fileRef = 6FC661711E4D0A5A00FD5044 /* Main.storyboard */; };
		6FC661751E4D0A5A00FD5044 /* Assets.xcassets in Resources */ = {isa = PBXBuildFile; fileRef = 6FC661741E4D0A5A00FD5044 /* Assets.xcassets */; };
		6FC661781E4D0A5A00FD5044 /* LaunchScreen.storyboard in Resources */ = {isa = PBXBuildFile; fileRef = 6FC661761E4D0A5A00FD5044 /* LaunchScreen.storyboard */; };
		6FC661831E4D0A5A00FD5044 /* A_NYTTests.m in Sources */ = {isa = PBXBuildFile; fileRef = 6FC661821E4D0A5A00FD5044 /* A_NYTTests.m */; };
		6FC661901E4D0C8E00FD5044 /* SessionManager.m in Sources */ = {isa = PBXBuildFile; fileRef = 6FC6618F1E4D0C8E00FD5044 /* SessionManager.m */; };
		6FC661941E4D103000FD5044 /* ArticleListRequestModel.m in Sources */ = {isa = PBXBuildFile; fileRef = 6FC661931E4D103000FD5044 /* ArticleListRequestModel.m */; };
		6FC661971E4D137700FD5044 /* ArticleModel.m in Sources */ = {isa = PBXBuildFile; fileRef = 6FC661961E4D137700FD5044 /* ArticleModel.m */; };
		6FC6619A1E4D14E900FD5044 /* ArticleListResponseModel.m in Sources */ = {isa = PBXBuildFile; fileRef = 6FC661991E4D14E900FD5044 /* ArticleListResponseModel.m */; };
		6FC6619D1E4D161B00FD5044 /* APIManager.m in Sources */ = {isa = PBXBuildFile; fileRef = 6FC6619C1E4D161B00FD5044 /* APIManager.m */; };
		84EB47CDE18604D62C23037E /* libPods-A-NYT.a in Frameworks */ = {isa = PBXBuildFile; fileRef = 7E8D0FEFF49C1B96544E4EBD /* libPods-A-NYT.a */; };
/* End PBXBuildFile section */

/* Begin PBXContainerItemProxy section */
		6FC6617F1E4D0A5A00FD5044 /* PBXContainerItemProxy */ = {
			isa = PBXContainerItemProxy;
			containerPortal = 6FC6615D1E4D0A5A00FD5044 /* Project object */;
			proxyType = 1;
			remoteGlobalIDString = 6FC661641E4D0A5A00FD5044;
			remoteInfo = "A-NYT";
		};
/* End PBXContainerItemProxy section */

/* Begin PBXFileReference section */
		4AF1FD652D217C5F4E4117CF /* Pods-A-NYT.debug.xcconfig */ = {isa = PBXFileReference; includeInIndex = 1; lastKnownFileType = text.xcconfig; name = "Pods-A-NYT.debug.xcconfig"; path = "Pods/Target Support Files/Pods-A-NYT/Pods-A-NYT.debug.xcconfig"; sourceTree = "<group>"; };
		6FAF774A1E5105F900CE6345 /* DesignElements.h */ = {isa = PBXFileReference; fileEncoding = 4; lastKnownFileType = sourcecode.c.h; path = DesignElements.h; sourceTree = "<group>"; };
		6FAF774B1E5105F900CE6345 /* DesignElements.m */ = {isa = PBXFileReference; fileEncoding = 4; lastKnownFileType = sourcecode.c.objc; path = DesignElements.m; sourceTree = "<group>"; };
		6FB92E4B1E4FD8540040A878 /* PageContentViewController.h */ = {isa = PBXFileReference; fileEncoding = 4; lastKnownFileType = sourcecode.c.h; path = PageContentViewController.h; sourceTree = "<group>"; };
		6FB92E4C1E4FD8540040A878 /* PageContentViewController.m */ = {isa = PBXFileReference; fileEncoding = 4; lastKnownFileType = sourcecode.c.objc; path = PageContentViewController.m; sourceTree = "<group>"; };
		6FC661651E4D0A5A00FD5044 /* A-NYT.app */ = {isa = PBXFileReference; explicitFileType = wrapper.application; includeInIndex = 0; path = "A-NYT.app"; sourceTree = BUILT_PRODUCTS_DIR; };
		6FC661691E4D0A5A00FD5044 /* main.m */ = {isa = PBXFileReference; lastKnownFileType = sourcecode.c.objc; path = main.m; sourceTree = "<group>"; };
		6FC6616B1E4D0A5A00FD5044 /* AppDelegate.h */ = {isa = PBXFileReference; lastKnownFileType = sourcecode.c.h; path = AppDelegate.h; sourceTree = "<group>"; };
		6FC6616C1E4D0A5A00FD5044 /* AppDelegate.m */ = {isa = PBXFileReference; lastKnownFileType = sourcecode.c.objc; path = AppDelegate.m; sourceTree = "<group>"; };
		6FC6616E1E4D0A5A00FD5044 /* ViewController.h */ = {isa = PBXFileReference; lastKnownFileType = sourcecode.c.h; path = ViewController.h; sourceTree = "<group>"; };
		6FC6616F1E4D0A5A00FD5044 /* ViewController.m */ = {isa = PBXFileReference; lastKnownFileType = sourcecode.c.objc; path = ViewController.m; sourceTree = "<group>"; };
		6FC661721E4D0A5A00FD5044 /* Base */ = {isa = PBXFileReference; lastKnownFileType = file.storyboard; name = Base; path = Base.lproj/Main.storyboard; sourceTree = "<group>"; };
		6FC661741E4D0A5A00FD5044 /* Assets.xcassets */ = {isa = PBXFileReference; lastKnownFileType = folder.assetcatalog; path = Assets.xcassets; sourceTree = "<group>"; };
		6FC661771E4D0A5A00FD5044 /* Base */ = {isa = PBXFileReference; lastKnownFileType = file.storyboard; name = Base; path = Base.lproj/LaunchScreen.storyboard; sourceTree = "<group>"; };
		6FC661791E4D0A5A00FD5044 /* Info.plist */ = {isa = PBXFileReference; lastKnownFileType = text.plist.xml; path = Info.plist; sourceTree = "<group>"; };
		6FC6617E1E4D0A5A00FD5044 /* A-NYTTests.xctest */ = {isa = PBXFileReference; explicitFileType = wrapper.cfbundle; includeInIndex = 0; path = "A-NYTTests.xctest"; sourceTree = BUILT_PRODUCTS_DIR; };
		6FC661821E4D0A5A00FD5044 /* A_NYTTests.m */ = {isa = PBXFileReference; lastKnownFileType = sourcecode.c.objc; path = A_NYTTests.m; sourceTree = "<group>"; };
		6FC661841E4D0A5A00FD5044 /* Info.plist */ = {isa = PBXFileReference; lastKnownFileType = text.plist.xml; path = Info.plist; sourceTree = "<group>"; };
		6FC6618E1E4D0C8E00FD5044 /* SessionManager.h */ = {isa = PBXFileReference; fileEncoding = 4; lastKnownFileType = sourcecode.c.h; path = SessionManager.h; sourceTree = "<group>"; };
		6FC6618F1E4D0C8E00FD5044 /* SessionManager.m */ = {isa = PBXFileReference; fileEncoding = 4; lastKnownFileType = sourcecode.c.objc; path = SessionManager.m; sourceTree = "<group>"; };
		6FC661921E4D103000FD5044 /* ArticleListRequestModel.h */ = {isa = PBXFileReference; fileEncoding = 4; lastKnownFileType = sourcecode.c.h; path = ArticleListRequestModel.h; sourceTree = "<group>"; };
		6FC661931E4D103000FD5044 /* ArticleListRequestModel.m */ = {isa = PBXFileReference; fileEncoding = 4; lastKnownFileType = sourcecode.c.objc; path = ArticleListRequestModel.m; sourceTree = "<group>"; };
		6FC661951E4D137700FD5044 /* ArticleModel.h */ = {isa = PBXFileReference; fileEncoding = 4; lastKnownFileType = sourcecode.c.h; path = ArticleModel.h; sourceTree = "<group>"; };
		6FC661961E4D137700FD5044 /* ArticleModel.m */ = {isa = PBXFileReference; fileEncoding = 4; lastKnownFileType = sourcecode.c.objc; path = ArticleModel.m; sourceTree = "<group>"; };
		6FC661981E4D14E900FD5044 /* ArticleListResponseModel.h */ = {isa = PBXFileReference; fileEncoding = 4; lastKnownFileType = sourcecode.c.h; path = ArticleListResponseModel.h; sourceTree = "<group>"; };
		6FC661991E4D14E900FD5044 /* ArticleListResponseModel.m */ = {isa = PBXFileReference; fileEncoding = 4; lastKnownFileType = sourcecode.c.objc; path = ArticleListResponseModel.m; sourceTree = "<group>"; };
		6FC6619B1E4D161B00FD5044 /* APIManager.h */ = {isa = PBXFileReference; fileEncoding = 4; lastKnownFileType = sourcecode.c.h; path = APIManager.h; sourceTree = "<group>"; };
		6FC6619C1E4D161B00FD5044 /* APIManager.m */ = {isa = PBXFileReference; fileEncoding = 4; lastKnownFileType = sourcecode.c.objc; path = APIManager.m; sourceTree = "<group>"; };
		7E8D0FEFF49C1B96544E4EBD /* libPods-A-NYT.a */ = {isa = PBXFileReference; explicitFileType = archive.ar; includeInIndex = 0; path = "libPods-A-NYT.a"; sourceTree = BUILT_PRODUCTS_DIR; };
		A0440090F1C6363CB1E9B7B2 /* Pods-A-NYT.release.xcconfig */ = {isa = PBXFileReference; includeInIndex = 1; lastKnownFileType = text.xcconfig; name = "Pods-A-NYT.release.xcconfig"; path = "Pods/Target Support Files/Pods-A-NYT/Pods-A-NYT.release.xcconfig"; sourceTree = "<group>"; };
/* End PBXFileReference section */

/* Begin PBXFrameworksBuildPhase section */
		6FC661621E4D0A5A00FD5044 /* Frameworks */ = {
			isa = PBXFrameworksBuildPhase;
			buildActionMask = 2147483647;
			files = (
				84EB47CDE18604D62C23037E /* libPods-A-NYT.a in Frameworks */,
			);
			runOnlyForDeploymentPostprocessing = 0;
		};
		6FC6617B1E4D0A5A00FD5044 /* Frameworks */ = {
			isa = PBXFrameworksBuildPhase;
			buildActionMask = 2147483647;
			files = (
			);
			runOnlyForDeploymentPostprocessing = 0;
		};
/* End PBXFrameworksBuildPhase section */

/* Begin PBXGroup section */
		3F60DFB84A7ED063242D6890 /* Frameworks */ = {
			isa = PBXGroup;
			children = (
				7E8D0FEFF49C1B96544E4EBD /* libPods-A-NYT.a */,
			);
			name = Frameworks;
			sourceTree = "<group>";
		};
		623918B7131632F91C8E5309 /* Pods */ = {
			isa = PBXGroup;
			children = (
				4AF1FD652D217C5F4E4117CF /* Pods-A-NYT.debug.xcconfig */,
				A0440090F1C6363CB1E9B7B2 /* Pods-A-NYT.release.xcconfig */,
			);
			name = Pods;
			sourceTree = "<group>";
		};
		6FAF774D1E510D5B00CE6345 /* View */ = {
			isa = PBXGroup;
			children = (
				6FAF774A1E5105F900CE6345 /* DesignElements.h */,
				6FAF774B1E5105F900CE6345 /* DesignElements.m */,
			);
			name = View;
			sourceTree = "<group>";
		};
		6FC6615C1E4D0A5A00FD5044 = {
			isa = PBXGroup;
			children = (
				6FC661671E4D0A5A00FD5044 /* A-NYT */,
				6FC661811E4D0A5A00FD5044 /* A-NYTTests */,
				6FC661661E4D0A5A00FD5044 /* Products */,
				623918B7131632F91C8E5309 /* Pods */,
				3F60DFB84A7ED063242D6890 /* Frameworks */,
			);
			sourceTree = "<group>";
		};
		6FC661661E4D0A5A00FD5044 /* Products */ = {
			isa = PBXGroup;
			children = (
				6FC661651E4D0A5A00FD5044 /* A-NYT.app */,
				6FC6617E1E4D0A5A00FD5044 /* A-NYTTests.xctest */,
			);
			name = Products;
			sourceTree = "<group>";
		};
		6FC661671E4D0A5A00FD5044 /* A-NYT */ = {
			isa = PBXGroup;
			children = (
				6FC6616B1E4D0A5A00FD5044 /* AppDelegate.h */,
				6FC6616C1E4D0A5A00FD5044 /* AppDelegate.m */,
				6FC6618D1E4D0C6D00FD5044 /* Networking */,
				6FC661911E4D100D00FD5044 /* Model */,
				6FC661A21E4D598700FD5044 /* View Controllers */,
				6FAF774D1E510D5B00CE6345 /* View */,
				6FC661711E4D0A5A00FD5044 /* Main.storyboard */,
				6FC661741E4D0A5A00FD5044 /* Assets.xcassets */,
				6FC661761E4D0A5A00FD5044 /* LaunchScreen.storyboard */,
				6FC661791E4D0A5A00FD5044 /* Info.plist */,
				6FC661681E4D0A5A00FD5044 /* Supporting Files */,
			);
			path = "A-NYT";
			sourceTree = "<group>";
		};
		6FC661681E4D0A5A00FD5044 /* Supporting Files */ = {
			isa = PBXGroup;
			children = (
				6FC661691E4D0A5A00FD5044 /* main.m */,
			);
			name = "Supporting Files";
			sourceTree = "<group>";
		};
		6FC661811E4D0A5A00FD5044 /* A-NYTTests */ = {
			isa = PBXGroup;
			children = (
				6FC661821E4D0A5A00FD5044 /* A_NYTTests.m */,
				6FC661841E4D0A5A00FD5044 /* Info.plist */,
			);
			path = "A-NYTTests";
			sourceTree = "<group>";
		};
		6FC6618D1E4D0C6D00FD5044 /* Networking */ = {
			isa = PBXGroup;
			children = (
				6FC6618E1E4D0C8E00FD5044 /* SessionManager.h */,
				6FC6618F1E4D0C8E00FD5044 /* SessionManager.m */,
				6FC6619B1E4D161B00FD5044 /* APIManager.h */,
				6FC6619C1E4D161B00FD5044 /* APIManager.m */,
			);
			name = Networking;
			sourceTree = "<group>";
		};
		6FC661911E4D100D00FD5044 /* Model */ = {
			isa = PBXGroup;
			children = (
				6FC661981E4D14E900FD5044 /* ArticleListResponseModel.h */,
				6FC661991E4D14E900FD5044 /* ArticleListResponseModel.m */,
				6FC661951E4D137700FD5044 /* ArticleModel.h */,
				6FC661961E4D137700FD5044 /* ArticleModel.m */,
				6FC661921E4D103000FD5044 /* ArticleListRequestModel.h */,
				6FC661931E4D103000FD5044 /* ArticleListRequestModel.m */,
			);
			name = Model;
			sourceTree = "<group>";
		};
		6FC661A21E4D598700FD5044 /* View Controllers */ = {
			isa = PBXGroup;
			children = (
				6FC6616E1E4D0A5A00FD5044 /* ViewController.h */,
				6FC6616F1E4D0A5A00FD5044 /* ViewController.m */,
				6FB92E4B1E4FD8540040A878 /* PageContentViewController.h */,
				6FB92E4C1E4FD8540040A878 /* PageContentViewController.m */,
			);
			name = "View Controllers";
			sourceTree = "<group>";
		};
/* End PBXGroup section */

/* Begin PBXNativeTarget section */
		6FC661641E4D0A5A00FD5044 /* A-NYT */ = {
			isa = PBXNativeTarget;
			buildConfigurationList = 6FC661871E4D0A5A00FD5044 /* Build configuration list for PBXNativeTarget "A-NYT" */;
			buildPhases = (
				B056E277430695C05FCD844A /* [CP] Check Pods Manifest.lock */,
				6FC661611E4D0A5A00FD5044 /* Sources */,
				6FC661621E4D0A5A00FD5044 /* Frameworks */,
				6FC661631E4D0A5A00FD5044 /* Resources */,
				7DF4275CF5753BFA8B305774 /* [CP] Embed Pods Frameworks */,
				80E760D40A1FAE03D2F2B0A8 /* [CP] Copy Pods Resources */,
			);
			buildRules = (
			);
			dependencies = (
			);
			name = "A-NYT";
			productName = "A-NYT";
			productReference = 6FC661651E4D0A5A00FD5044 /* A-NYT.app */;
			productType = "com.apple.product-type.application";
		};
		6FC6617D1E4D0A5A00FD5044 /* A-NYTTests */ = {
			isa = PBXNativeTarget;
			buildConfigurationList = 6FC6618A1E4D0A5A00FD5044 /* Build configuration list for PBXNativeTarget "A-NYTTests" */;
			buildPhases = (
				6FC6617A1E4D0A5A00FD5044 /* Sources */,
				6FC6617B1E4D0A5A00FD5044 /* Frameworks */,
				6FC6617C1E4D0A5A00FD5044 /* Resources */,
			);
			buildRules = (
			);
			dependencies = (
				6FC661801E4D0A5A00FD5044 /* PBXTargetDependency */,
			);
			name = "A-NYTTests";
			productName = "A-NYTTests";
			productReference = 6FC6617E1E4D0A5A00FD5044 /* A-NYTTests.xctest */;
			productType = "com.apple.product-type.bundle.unit-test";
		};
/* End PBXNativeTarget section */

/* Begin PBXProject section */
		6FC6615D1E4D0A5A00FD5044 /* Project object */ = {
			isa = PBXProject;
			attributes = {
				LastUpgradeCheck = 0820;
				ORGANIZATIONNAME = "Allan Zhang";
				TargetAttributes = {
					6FC661641E4D0A5A00FD5044 = {
						CreatedOnToolsVersion = 8.2.1;
						DevelopmentTeam = 425NYQD499;
						ProvisioningStyle = Automatic;
					};
					6FC6617D1E4D0A5A00FD5044 = {
						CreatedOnToolsVersion = 8.2.1;
						DevelopmentTeam = 425NYQD499;
						ProvisioningStyle = Automatic;
						TestTargetID = 6FC661641E4D0A5A00FD5044;
					};
				};
			};
			buildConfigurationList = 6FC661601E4D0A5A00FD5044 /* Build configuration list for PBXProject "A-NYT" */;
			compatibilityVersion = "Xcode 3.2";
			developmentRegion = English;
			hasScannedForEncodings = 0;
			knownRegions = (
				en,
				Base,
			);
			mainGroup = 6FC6615C1E4D0A5A00FD5044;
			productRefGroup = 6FC661661E4D0A5A00FD5044 /* Products */;
			projectDirPath = "";
			projectRoot = "";
			targets = (
				6FC661641E4D0A5A00FD5044 /* A-NYT */,
				6FC6617D1E4D0A5A00FD5044 /* A-NYTTests */,
			);
		};
/* End PBXProject section */

/* Begin PBXResourcesBuildPhase section */
		6FC661631E4D0A5A00FD5044 /* Resources */ = {
			isa = PBXResourcesBuildPhase;
			buildActionMask = 2147483647;
			files = (
				6FC661781E4D0A5A00FD5044 /* LaunchScreen.storyboard in Resources */,
				6FC661751E4D0A5A00FD5044 /* Assets.xcassets in Resources */,
				6FC661731E4D0A5A00FD5044 /* Main.storyboard in Resources */,
			);
			runOnlyForDeploymentPostprocessing = 0;
		};
		6FC6617C1E4D0A5A00FD5044 /* Resources */ = {
			isa = PBXResourcesBuildPhase;
			buildActionMask = 2147483647;
			files = (
			);
			runOnlyForDeploymentPostprocessing = 0;
		};
/* End PBXResourcesBuildPhase section */

/* Begin PBXShellScriptBuildPhase section */
		7DF4275CF5753BFA8B305774 /* [CP] Embed Pods Frameworks */ = {
			isa = PBXShellScriptBuildPhase;
			buildActionMask = 2147483647;
			files = (
			);
			inputPaths = (
			);
			name = "[CP] Embed Pods Frameworks";
			outputPaths = (
			);
			runOnlyForDeploymentPostprocessing = 0;
			shellPath = /bin/sh;
			shellScript = "\"${SRCROOT}/Pods/Target Support Files/Pods-A-NYT/Pods-A-NYT-frameworks.sh\"\n";
			showEnvVarsInLog = 0;
		};
		80E760D40A1FAE03D2F2B0A8 /* [CP] Copy Pods Resources */ = {
			isa = PBXShellScriptBuildPhase;
			buildActionMask = 2147483647;
			files = (
			);
			inputPaths = (
			);
			name = "[CP] Copy Pods Resources";
			outputPaths = (
			);
			runOnlyForDeploymentPostprocessing = 0;
			shellPath = /bin/sh;
			shellScript = "\"${SRCROOT}/Pods/Target Support Files/Pods-A-NYT/Pods-A-NYT-resources.sh\"\n";
			showEnvVarsInLog = 0;
		};
		B056E277430695C05FCD844A /* [CP] Check Pods Manifest.lock */ = {
			isa = PBXShellScriptBuildPhase;
			buildActionMask = 2147483647;
			files = (
			);
			inputPaths = (
			);
			name = "[CP] Check Pods Manifest.lock";
			outputPaths = (
			);
			runOnlyForDeploymentPostprocessing = 0;
			shellPath = /bin/sh;
			shellScript = "diff \"${PODS_ROOT}/../Podfile.lock\" \"${PODS_ROOT}/Manifest.lock\" > /dev/null\nif [ $? != 0 ] ; then\n    # print error to STDERR\n    echo \"error: The sandbox is not in sync with the Podfile.lock. Run 'pod install' or update your CocoaPods installation.\" >&2\n    exit 1\nfi\n";
			showEnvVarsInLog = 0;
		};
/* End PBXShellScriptBuildPhase section */

/* Begin PBXSourcesBuildPhase section */
		6FC661611E4D0A5A00FD5044 /* Sources */ = {
			isa = PBXSourcesBuildPhase;
			buildActionMask = 2147483647;
			files = (
				6FC661941E4D103000FD5044 /* ArticleListRequestModel.m in Sources */,
				6FC6619A1E4D14E900FD5044 /* ArticleListResponseModel.m in Sources */,
				6FB92E4D1E4FD8540040A878 /* PageContentViewController.m in Sources */,
				6FC661701E4D0A5A00FD5044 /* ViewController.m in Sources */,
				6FC661971E4D137700FD5044 /* ArticleModel.m in Sources */,
				6FC6619D1E4D161B00FD5044 /* APIManager.m in Sources */,
				6FAF774C1E5105F900CE6345 /* DesignElements.m in Sources */,
				6FC6616D1E4D0A5A00FD5044 /* AppDelegate.m in Sources */,
				6FC661901E4D0C8E00FD5044 /* SessionManager.m in Sources */,
				6FC6616A1E4D0A5A00FD5044 /* main.m in Sources */,
			);
			runOnlyForDeploymentPostprocessing = 0;
		};
		6FC6617A1E4D0A5A00FD5044 /* Sources */ = {
			isa = PBXSourcesBuildPhase;
			buildActionMask = 2147483647;
			files = (
				6FC661831E4D0A5A00FD5044 /* A_NYTTests.m in Sources */,
			);
			runOnlyForDeploymentPostprocessing = 0;
		};
/* End PBXSourcesBuildPhase section */

/* Begin PBXTargetDependency section */
		6FC661801E4D0A5A00FD5044 /* PBXTargetDependency */ = {
			isa = PBXTargetDependency;
			target = 6FC661641E4D0A5A00FD5044 /* A-NYT */;
			targetProxy = 6FC6617F1E4D0A5A00FD5044 /* PBXContainerItemProxy */;
		};
/* End PBXTargetDependency section */

/* Begin PBXVariantGroup section */
		6FC661711E4D0A5A00FD5044 /* Main.storyboard */ = {
			isa = PBXVariantGroup;
			children = (
				6FC661721E4D0A5A00FD5044 /* Base */,
			);
			name = Main.storyboard;
			sourceTree = "<group>";
		};
		6FC661761E4D0A5A00FD5044 /* LaunchScreen.storyboard */ = {
			isa = PBXVariantGroup;
			children = (
				6FC661771E4D0A5A00FD5044 /* Base */,
			);
			name = LaunchScreen.storyboard;
			sourceTree = "<group>";
		};
/* End PBXVariantGroup section */

/* Begin XCBuildConfiguration section */
		6FC661851E4D0A5A00FD5044 /* Debug */ = {
			isa = XCBuildConfiguration;
			buildSettings = {
				ALWAYS_SEARCH_USER_PATHS = NO;
				CLANG_ANALYZER_NONNULL = YES;
				CLANG_CXX_LANGUAGE_STANDARD = "gnu++0x";
				CLANG_CXX_LIBRARY = "libc++";
				CLANG_ENABLE_MODULES = YES;
				CLANG_ENABLE_OBJC_ARC = YES;
				CLANG_WARN_BOOL_CONVERSION = YES;
				CLANG_WARN_CONSTANT_CONVERSION = YES;
				CLANG_WARN_DIRECT_OBJC_ISA_USAGE = YES_ERROR;
				CLANG_WARN_DOCUMENTATION_COMMENTS = YES;
				CLANG_WARN_EMPTY_BODY = YES;
				CLANG_WARN_ENUM_CONVERSION = YES;
				CLANG_WARN_INFINITE_RECURSION = YES;
				CLANG_WARN_INT_CONVERSION = YES;
				CLANG_WARN_OBJC_ROOT_CLASS = YES_ERROR;
				CLANG_WARN_SUSPICIOUS_MOVE = YES;
				CLANG_WARN_UNREACHABLE_CODE = YES;
				CLANG_WARN__DUPLICATE_METHOD_MATCH = YES;
				"CODE_SIGN_IDENTITY[sdk=iphoneos*]" = "iPhone Developer";
				COPY_PHASE_STRIP = NO;
				DEBUG_INFORMATION_FORMAT = dwarf;
				ENABLE_STRICT_OBJC_MSGSEND = YES;
				ENABLE_TESTABILITY = YES;
				GCC_C_LANGUAGE_STANDARD = gnu99;
				GCC_DYNAMIC_NO_PIC = NO;
				GCC_NO_COMMON_BLOCKS = YES;
				GCC_OPTIMIZATION_LEVEL = 0;
				GCC_PREPROCESSOR_DEFINITIONS = (
					"DEBUG=1",
					"$(inherited)",
				);
				GCC_WARN_64_TO_32_BIT_CONVERSION = YES;
				GCC_WARN_ABOUT_RETURN_TYPE = YES_ERROR;
				GCC_WARN_UNDECLARED_SELECTOR = YES;
				GCC_WARN_UNINITIALIZED_AUTOS = YES_AGGRESSIVE;
				GCC_WARN_UNUSED_FUNCTION = YES;
				GCC_WARN_UNUSED_VARIABLE = YES;
				IPHONEOS_DEPLOYMENT_TARGET = 10.2;
				MTL_ENABLE_DEBUG_INFO = YES;
				ONLY_ACTIVE_ARCH = YES;
				SDKROOT = iphoneos;
			};
			name = Debug;
		};
		6FC661861E4D0A5A00FD5044 /* Release */ = {
			isa = XCBuildConfiguration;
			buildSettings = {
				ALWAYS_SEARCH_USER_PATHS = NO;
				CLANG_ANALYZER_NONNULL = YES;
				CLANG_CXX_LANGUAGE_STANDARD = "gnu++0x";
				CLANG_CXX_LIBRARY = "libc++";
				CLANG_ENABLE_MODULES = YES;
				CLANG_ENABLE_OBJC_ARC = YES;
				CLANG_WARN_BOOL_CONVERSION = YES;
				CLANG_WARN_CONSTANT_CONVERSION = YES;
				CLANG_WARN_DIRECT_OBJC_ISA_USAGE = YES_ERROR;
				CLANG_WARN_DOCUMENTATION_COMMENTS = YES;
				CLANG_WARN_EMPTY_BODY = YES;
				CLANG_WARN_ENUM_CONVERSION = YES;
				CLANG_WARN_INFINITE_RECURSION = YES;
				CLANG_WARN_INT_CONVERSION = YES;
				CLANG_WARN_OBJC_ROOT_CLASS = YES_ERROR;
				CLANG_WARN_SUSPICIOUS_MOVE = YES;
				CLANG_WARN_UNREACHABLE_CODE = YES;
				CLANG_WARN__DUPLICATE_METHOD_MATCH = YES;
				"CODE_SIGN_IDENTITY[sdk=iphoneos*]" = "iPhone Developer";
				COPY_PHASE_STRIP = NO;
				DEBUG_INFORMATION_FORMAT = "dwarf-with-dsym";
				ENABLE_NS_ASSERTIONS = NO;
				ENABLE_STRICT_OBJC_MSGSEND = YES;
				GCC_C_LANGUAGE_STANDARD = gnu99;
				GCC_NO_COMMON_BLOCKS = YES;
				GCC_WARN_64_TO_32_BIT_CONVERSION = YES;
				GCC_WARN_ABOUT_RETURN_TYPE = YES_ERROR;
				GCC_WARN_UNDECLARED_SELECTOR = YES;
				GCC_WARN_UNINITIALIZED_AUTOS = YES_AGGRESSIVE;
				GCC_WARN_UNUSED_FUNCTION = YES;
				GCC_WARN_UNUSED_VARIABLE = YES;
				IPHONEOS_DEPLOYMENT_TARGET = 10.2;
				MTL_ENABLE_DEBUG_INFO = NO;
				SDKROOT = iphoneos;
				VALIDATE_PRODUCT = YES;
			};
			name = Release;
		};
		6FC661881E4D0A5A00FD5044 /* Debug */ = {
			isa = XCBuildConfiguration;
			baseConfigurationReference = 4AF1FD652D217C5F4E4117CF /* Pods-A-NYT.debug.xcconfig */;
			buildSettings = {
				ASSETCATALOG_COMPILER_APPICON_NAME = AppIcon;
				DEVELOPMENT_TEAM = 425NYQD499;
				INFOPLIST_FILE = "A-NYT/Info.plist";
				LD_RUNPATH_SEARCH_PATHS = "$(inherited) @executable_path/Frameworks";
				PRODUCT_BUNDLE_IDENTIFIER = "com.allan.A-NYT";
				PRODUCT_NAME = "$(TARGET_NAME)";
			};
			name = Debug;
		};
		6FC661891E4D0A5A00FD5044 /* Release */ = {
			isa = XCBuildConfiguration;
			baseConfigurationReference = A0440090F1C6363CB1E9B7B2 /* Pods-A-NYT.release.xcconfig */;
			buildSettings = {
				ASSETCATALOG_COMPILER_APPICON_NAME = AppIcon;
				DEVELOPMENT_TEAM = 425NYQD499;
				INFOPLIST_FILE = "A-NYT/Info.plist";
				LD_RUNPATH_SEARCH_PATHS = "$(inherited) @executable_path/Frameworks";
				PRODUCT_BUNDLE_IDENTIFIER = "com.allan.A-NYT";
				PRODUCT_NAME = "$(TARGET_NAME)";
			};
			name = Release;
		};
		6FC6618B1E4D0A5A00FD5044 /* Debug */ = {
			isa = XCBuildConfiguration;
			buildSettings = {
				BUNDLE_LOADER = "$(TEST_HOST)";
				DEVELOPMENT_TEAM = 425NYQD499;
				INFOPLIST_FILE = "A-NYTTests/Info.plist";
				LD_RUNPATH_SEARCH_PATHS = "$(inherited) @executable_path/Frameworks @loader_path/Frameworks";
				PRODUCT_BUNDLE_IDENTIFIER = "com.allan.A-NYTTests";
				PRODUCT_NAME = "$(TARGET_NAME)";
				TEST_HOST = "$(BUILT_PRODUCTS_DIR)/A-NYT.app/A-NYT";
			};
			name = Debug;
		};
		6FC6618C1E4D0A5A00FD5044 /* Release */ = {
			isa = XCBuildConfiguration;
			buildSettings = {
				BUNDLE_LOADER = "$(TEST_HOST)";
				DEVELOPMENT_TEAM = 425NYQD499;
				INFOPLIST_FILE = "A-NYTTests/Info.plist";
				LD_RUNPATH_SEARCH_PATHS = "$(inherited) @executable_path/Frameworks @loader_path/Frameworks";
				PRODUCT_BUNDLE_IDENTIFIER = "com.allan.A-NYTTests";
				PRODUCT_NAME = "$(TARGET_NAME)";
				TEST_HOST = "$(BUILT_PRODUCTS_DIR)/A-NYT.app/A-NYT";
			};
			name = Release;
		};
/* End XCBuildConfiguration section */

/* Begin XCConfigurationList section */
		6FC661601E4D0A5A00FD5044 /* Build configuration list for PBXProject "A-NYT" */ = {
			isa = XCConfigurationList;
			buildConfigurations = (
				6FC661851E4D0A5A00FD5044 /* Debug */,
				6FC661861E4D0A5A00FD5044 /* Release */,
			);
			defaultConfigurationIsVisible = 0;
			defaultConfigurationName = Release;
		};
		6FC661871E4D0A5A00FD5044 /* Build configuration list for PBXNativeTarget "A-NYT" */ = {
			isa = XCConfigurationList;
			buildConfigurations = (
				6FC661881E4D0A5A00FD5044 /* Debug */,
				6FC661891E4D0A5A00FD5044 /* Release */,
			);
			defaultConfigurationIsVisible = 0;
			defaultConfigurationName = Release;
		};
		6FC6618A1E4D0A5A00FD5044 /* Build configuration list for PBXNativeTarget "A-NYTTests" */ = {
			isa = XCConfigurationList;
			buildConfigurations = (
				6FC6618B1E4D0A5A00FD5044 /* Debug */,
				6FC6618C1E4D0A5A00FD5044 /* Release */,
			);
			defaultConfigurationIsVisible = 0;
			defaultConfigurationName = Release;
		};
/* End XCConfigurationList section */
	};
	rootObject = 6FC6615D1E4D0A5A00FD5044 /* Project object */;
}
